
Microsoft Visual Studio Solution File, Format Version 12.00
# Visual Studio Version 17
VisualStudioVersion = 17.12.35527.113
MinimumVisualStudioVersion = 10.0.40219.1
Project("{FAE04EC0-301F-11D3-BF4B-00C04F79EFBC}") = "RazorCookies", "RazorCookies.csproj", "{CA408D88-8EB6-4B5E-87FE-6AEA781B2230}"
EndProject
Global
	GlobalSection(SolutionConfigurationPlatforms) = preSolution
		Debug|Any CPU = Debug|Any CPU
		Release|Any CPU = Release|Any CPU
	EndGlobalSection
	GlobalSection(ProjectConfigurationPlatforms) = postSolution
		{CA408D88-8EB6-4B5E-87FE-6AEA781B2230}.Debug|Any CPU.ActiveCfg = Debug|Any CPU
		{CA408D88-8EB6-4B5E-87FE-6AEA781B2230}.Debug|Any CPU.Build.0 = Debug|Any CPU
		{CA408D88-8EB6-4B5E-87FE-6AEA781B2230}.Release|Any CPU.ActiveCfg = Release|Any CPU
		{CA408D88-8EB6-4B5E-87FE-6AEA781B2230}.Release|Any CPU.Build.0 = Release|Any CPU
	EndGlobalSection
	GlobalSection(SolutionProperties) = preSolution
		HideSolutionNode = FALSE
	EndGlobalSection
EndGlobal
