
Microsoft Visual Studio Solution File, Format Version 12.00
# Visual Studio Version 17
VisualStudioVersion = 17.12.35527.113 d17.12
MinimumVisualStudioVersion = 10.0.40219.1
Project("{FAE04EC0-301F-11D3-BF4B-00C04F79EFBC}") = "WebApp9_IdentityStudent", "WebApp9_IdentityStudent\WebApp9_IdentityStudent.csproj", "{0691C45C-D7B3-4B1D-A893-716BA8B6362C}"
EndProject
Global
	GlobalSection(SolutionConfigurationPlatforms) = preSolution
		Debug|Any CPU = Debug|Any CPU
		Release|Any CPU = Release|Any CPU
	EndGlobalSection
	GlobalSection(ProjectConfigurationPlatforms) = postSolution
		{0691C45C-D7B3-4B1D-A893-716BA8B6362C}.Debug|Any CPU.ActiveCfg = Debug|Any CPU
		{0691C45C-D7B3-4B1D-A893-716BA8B6362C}.Debug|Any CPU.Build.0 = Debug|Any CPU
		{0691C45C-D7B3-4B1D-A893-716BA8B6362C}.Release|Any CPU.ActiveCfg = Release|Any CPU
		{0691C45C-D7B3-4B1D-A893-716BA8B6362C}.Release|Any CPU.Build.0 = Release|Any CPU
	EndGlobalSection
	GlobalSection(SolutionProperties) = preSolution
		HideSolutionNode = FALSE
	EndGlobalSection
EndGlobal
